// !$*UTF8*$!
{
	archiveVersion = 1;
	classes = {
	};
	objectVersion = 77;
	objects = {

/* Begin PBXBuildFile section */
		4E5FF0EFC82631BB87C3297C /* TranscriberService.swift in Sources */ = {isa = PBXBuildFile; fileRef = 065A5635DC876D00EF15DFFF /* TranscriberService.swift */; };
		5056A5492FCFC09014068F63 /* SettingsView.swift in Sources */ = {isa = PBXBuildFile; fileRef = 2DC825FABDD46FCBCB55C4C1 /* SettingsView.swift */; };
		5C69A02B0BC2F4BF5646DF90 /* WhisperApp.swift in Sources */ = {isa = PBXBuildFile; fileRef = D6EC0CCDEB3CDCDB37752040 /* WhisperApp.swift */; };
		63B280150EB9D8153DFCA625 /* AppState.swift in Sources */ = {isa = PBXBuildFile; fileRef = B54AE02DE2C5C3F8C9D6B40E /* AppState.swift */; };
		81BC3F0813D03533BC63E4F0 /* ContentView.swift in Sources */ = {isa = PBXBuildFile; fileRef = 288A8DA7FF1F1D3241BB5097 /* ContentView.swift */; };
		C5F41DB668D5FF2463E87133 /* AudioRecorder.swift in Sources */ = {isa = PBXBuildFile; fileRef = 30CA9ED89980F11A74A0ECA3 /* AudioRecorder.swift */; };
		F379C18BD0F3D8B1754D2A3C /* WhisperKit in Frameworks */ = {isa = PBXBuildFile; productRef = A6293E200C2D7B232EC24376 /* WhisperKit */; };
/* End PBXBuildFile section */

/* Begin PBXFileReference section */
		065A5635DC876D00EF15DFFF /* TranscriberService.swift */ = {isa = PBXFileReference; lastKnownFileType = sourcecode.swift; path = TranscriberService.swift; sourceTree = "<group>"; };
		288A8DA7FF1F1D3241BB5097 /* ContentView.swift */ = {isa = PBXFileReference; lastKnownFileType = sourcecode.swift; path = ContentView.swift; sourceTree = "<group>"; };
		2DC825FABDD46FCBCB55C4C1 /* SettingsView.swift */ = {isa = PBXFileReference; lastKnownFileType = sourcecode.swift; path = SettingsView.swift; sourceTree = "<group>"; };
		30CA9ED89980F11A74A0ECA3 /* AudioRecorder.swift */ = {isa = PBXFileReference; lastKnownFileType = sourcecode.swift; path = AudioRecorder.swift; sourceTree = "<group>"; };
		5D7FCADAA16269C855AC1946 /* Info.plist */ = {isa = PBXFileReference; lastKnownFileType = text.plist; path = Info.plist; sourceTree = "<group>"; };
		6E39C2332AD02F436DE2A08D /* WhisperApp.app */ = {isa = PBXFileReference; explicitFileType = wrapper.application; includeInIndex = 0; path = WhisperApp.app; sourceTree = BUILT_PRODUCTS_DIR; };
		B54AE02DE2C5C3F8C9D6B40E /* AppState.swift */ = {isa = PBXFileReference; lastKnownFileType = sourcecode.swift; path = AppState.swift; sourceTree = "<group>"; };
		D6EC0CCDEB3CDCDB37752040 /* WhisperApp.swift */ = {isa = PBXFileReference; lastKnownFileType = sourcecode.swift; path = WhisperApp.swift; sourceTree = "<group>"; };
/* End PBXFileReference section */

/* Begin PBXFrameworksBuildPhase section */
		14BFAD497986688C6F6992BB /* Frameworks */ = {
			isa = PBXFrameworksBuildPhase;
			buildActionMask = 2147483647;
			files = (
				F379C18BD0F3D8B1754D2A3C /* WhisperKit in Frameworks */,
			);
			runOnlyForDeploymentPostprocessing = 0;
		};
/* End PBXFrameworksBuildPhase section */

/* Begin PBXGroup section */
		53A83022CE03A1CC2F77E140 /* WhisperApp */ = {
			isa = PBXGroup;
			children = (
				B54AE02DE2C5C3F8C9D6B40E /* AppState.swift */,
				30CA9ED89980F11A74A0ECA3 /* AudioRecorder.swift */,
				288A8DA7FF1F1D3241BB5097 /* ContentView.swift */,
				5D7FCADAA16269C855AC1946 /* Info.plist */,
				2DC825FABDD46FCBCB55C4C1 /* SettingsView.swift */,
				065A5635DC876D00EF15DFFF /* TranscriberService.swift */,
				D6EC0CCDEB3CDCDB37752040 /* WhisperApp.swift */,
			);
			path = WhisperApp;
			sourceTree = "<group>";
		};
		631457EF7F434D21229424D4 = {
			isa = PBXGroup;
			children = (
				53A83022CE03A1CC2F77E140 /* WhisperApp */,
				942660A3DD21F87B72D8CA00 /* Products */,
			);
			sourceTree = "<group>";
		};
		942660A3DD21F87B72D8CA00 /* Products */ = {
			isa = PBXGroup;
			children = (
				6E39C2332AD02F436DE2A08D /* WhisperApp.app */,
			);
			name = Products;
			sourceTree = "<group>";
		};
/* End PBXGroup section */

/* Begin PBXNativeTarget section */
		AED85EBA16F182B85DB38CA0 /* WhisperApp */ = {
			isa = PBXNativeTarget;
			buildConfigurationList = E6737C16C7780133C9C6EA7D /* Build configuration list for PBXNativeTarget "WhisperApp" */;
			buildPhases = (
				64C2B477A166E51E1F685AD5 /* Sources */,
				14BFAD497986688C6F6992BB /* Frameworks */,
			);
			buildRules = (
			);
			dependencies = (
			);
			name = WhisperApp;
			packageProductDependencies = (
				A6293E200C2D7B232EC24376 /* WhisperKit */,
			);
			productName = WhisperApp;
			productReference = 6E39C2332AD02F436DE2A08D /* WhisperApp.app */;
			productType = "com.apple.product-type.application";
		};
/* End PBXNativeTarget section */

/* Begin PBXProject section */
		957A9E05794E8C5179FAD9A9 /* Project object */ = {
			isa = PBXProject;
			attributes = {
				BuildIndependentTargetsInParallel = YES;
				LastUpgradeCheck = 1500;
				TargetAttributes = {
					AED85EBA16F182B85DB38CA0 = {
						DevelopmentTeam = "";
						ProvisioningStyle = Automatic;
					};
				};
			};
			buildConfigurationList = DA96820FD7F6D67366CF4398 /* Build configuration list for PBXProject "WhisperApp" */;
			compatibilityVersion = "Xcode 14.0";
			developmentRegion = en;
			hasScannedForEncodings = 0;
			knownRegions = (
				Base,
				en,
			);
			mainGroup = 631457EF7F434D21229424D4;
			minimizedProjectReferenceProxies = 1;
			packageReferences = (
				A8BCF44EBEACF46F4F8E038E /* XCRemoteSwiftPackageReference "WhisperKit" */,
			);
			preferredProjectObjectVersion = 77;
			projectDirPath = "";
			projectRoot = "";
			targets = (
				AED85EBA16F182B85DB38CA0 /* WhisperApp */,
			);
		};
/* End PBXProject section */

/* Begin PBXSourcesBuildPhase section */
		64C2B477A166E51E1F685AD5 /* Sources */ = {
			isa = PBXSourcesBuildPhase;
			buildActionMask = 2147483647;
			files = (
				63B280150EB9D8153DFCA625 /* AppState.swift in Sources */,
				C5F41DB668D5FF2463E87133 /* AudioRecorder.swift in Sources */,
				81BC3F0813D03533BC63E4F0 /* ContentView.swift in Sources */,
				5056A5492FCFC09014068F63 /* SettingsView.swift in Sources */,
				4E5FF0EFC82631BB87C3297C /* TranscriberService.swift in Sources */,
				5C69A02B0BC2F4BF5646DF90 /* WhisperApp.swift in Sources */,
			);
			runOnlyForDeploymentPostprocessing = 0;
		};
/* End PBXSourcesBuildPhase section */

/* Begin XCBuildConfiguration section */
		148C834AC65C87E6EA1638C3 /* Debug */ = {
			isa = XCBuildConfiguration;
			buildSettings = {
				ASSETCATALOG_COMPILER_APPICON_NAME = AppIcon;
				CODE_SIGN_ENTITLEMENTS = WhisperApp.entitlements;
				CODE_SIGN_STYLE = Automatic;
				COMBINE_HIDPI_IMAGES = YES;
				CURRENT_PROJECT_VERSION = 1;
				DEVELOPMENT_TEAM = "";
				INFOPLIST_FILE = WhisperApp/Info.plist;
				LD_RUNPATH_SEARCH_PATHS = (
					"$(inherited)",
					"@executable_path/../Frameworks",
				);
				MACOSX_DEPLOYMENT_TARGET = 14.0;
				MARKETING_VERSION = 1.0;
				PRODUCT_BUNDLE_IDENTIFIER = com.whisper.voicetotext;
				PRODUCT_NAME = Whisper;
				SDKROOT = macosx;
				SWIFT_VERSION = 5.9;
			};
			name = Debug;
		};
		6DF48D95322003CEB1F11379 /* Release */ = {
			isa = XCBuildConfiguration;
			buildSettings = {
				ALWAYS_SEARCH_USER_PATHS = NO;
				CLANG_ANALYZER_NONNULL = YES;
				CLANG_ANALYZER_NUMBER_OBJECT_CONVERSION = YES_AGGRESSIVE;
				CLANG_CXX_LANGUAGE_STANDARD = "gnu++14";
				CLANG_CXX_LIBRARY = "libc++";
				CLANG_ENABLE_MODULES = YES;
				CLANG_ENABLE_OBJC_ARC = YES;
				CLANG_ENABLE_OBJC_WEAK = YES;
				CLANG_WARN_BLOCK_CAPTURE_AUTORELEASING = YES;
				CLANG_WARN_BOOL_CONVERSION = YES;
				CLANG_WARN_COMMA = YES;
				CLANG_WARN_CONSTANT_CONVERSION = YES;
				CLANG_WARN_DEPRECATED_OBJC_IMPLEMENTATIONS = YES;
				CLANG_WARN_DIRECT_OBJC_ISA_USAGE = YES_ERROR;
				CLANG_WARN_DOCUMENTATION_COMMENTS = YES;
				CLANG_WARN_EMPTY_BODY = YES;
				CLANG_WARN_ENUM_CONVERSION = YES;
				CLANG_WARN_INFINITE_RECURSION = YES;
				CLANG_WARN_INT_CONVERSION = YES;
				CLANG_WARN_NON_LITERAL_NULL_CONVERSION = YES;
				CLANG_WARN_OBJC_IMPLICIT_RETAIN_SELF = YES;
				CLANG_WARN_OBJC_LITERAL_CONVERSION = YES;
				CLANG_WARN_OBJC_ROOT_CLASS = YES_ERROR;
				CLANG_WARN_QUOTED_INCLUDE_IN_FRAMEWORK_HEADER = YES;
				CLANG_WARN_RANGE_LOOP_ANALYSIS = YES;
				CLANG_WARN_STRICT_PROTOTYPES = YES;
				CLANG_WARN_SUSPICIOUS_MOVE = YES;
				CLANG_WARN_UNGUARDED_AVAILABILITY = YES_AGGRESSIVE;
				CLANG_WARN_UNREACHABLE_CODE = YES;
				CLANG_WARN__DUPLICATE_METHOD_MATCH = YES;
				COPY_PHASE_STRIP = NO;
				DEBUG_INFORMATION_FORMAT = "dwarf-with-dsym";
				ENABLE_NS_ASSERTIONS = NO;
				ENABLE_STRICT_OBJC_MSGSEND = YES;
				GCC_C_LANGUAGE_STANDARD = gnu11;
				GCC_NO_COMMON_BLOCKS = YES;
				GCC_WARN_64_TO_32_BIT_CONVERSION = YES;
				GCC_WARN_ABOUT_RETURN_TYPE = YES_ERROR;
				GCC_WARN_UNDECLARED_SELECTOR = YES;
				GCC_WARN_UNINITIALIZED_AUTOS = YES_AGGRESSIVE;
				GCC_WARN_UNUSED_FUNCTION = YES;
				GCC_WARN_UNUSED_VARIABLE = YES;
				MACOSX_DEPLOYMENT_TARGET = 14.0;
				MTL_ENABLE_DEBUG_INFO = NO;
				MTL_FAST_MATH = YES;
				PRODUCT_NAME = "$(TARGET_NAME)";
				SDKROOT = macosx;
				SWIFT_COMPILATION_MODE = wholemodule;
				SWIFT_OPTIMIZATION_LEVEL = "-O";
				SWIFT_VERSION = 5.0;
			};
			name = Release;
		};
		918A7F1FE1808D7F0AA6ADDE /* Release */ = {
			isa = XCBuildConfiguration;
			buildSettings = {
				ASSETCATALOG_COMPILER_APPICON_NAME = AppIcon;
				CODE_SIGN_ENTITLEMENTS = WhisperApp.entitlements;
				CODE_SIGN_STYLE = Automatic;
				COMBINE_HIDPI_IMAGES = YES;
				CURRENT_PROJECT_VERSION = 1;
				DEVELOPMENT_TEAM = "";
				INFOPLIST_FILE = WhisperApp/Info.plist;
				LD_RUNPATH_SEARCH_PATHS = (
					"$(inherited)",
					"@executable_path/../Frameworks",
				);
				MACOSX_DEPLOYMENT_TARGET = 14.0;
				MARKETING_VERSION = 1.0;
				PRODUCT_BUNDLE_IDENTIFIER = com.whisper.voicetotext;
				PRODUCT_NAME = Whisper;
				SDKROOT = macosx;
				SWIFT_VERSION = 5.9;
			};
			name = Release;
		};
		E8D0E98292DECC0889E92430 /* Debug */ = {
			isa = XCBuildConfiguration;
			buildSettings = {
				ALWAYS_SEARCH_USER_PATHS = NO;
				CLANG_ANALYZER_NONNULL = YES;
				CLANG_ANALYZER_NUMBER_OBJECT_CONVERSION = YES_AGGRESSIVE;
				CLANG_CXX_LANGUAGE_STANDARD = "gnu++14";
				CLANG_CXX_LIBRARY = "libc++";
				CLANG_ENABLE_MODULES = YES;
				CLANG_ENABLE_OBJC_ARC = YES;
				CLANG_ENABLE_OBJC_WEAK = YES;
				CLANG_WARN_BLOCK_CAPTURE_AUTORELEASING = YES;
				CLANG_WARN_BOOL_CONVERSION = YES;
				CLANG_WARN_COMMA = YES;
				CLANG_WARN_CONSTANT_CONVERSION = YES;
				CLANG_WARN_DEPRECATED_OBJC_IMPLEMENTATIONS = YES;
				CLANG_WARN_DIRECT_OBJC_ISA_USAGE = YES_ERROR;
				CLANG_WARN_DOCUMENTATION_COMMENTS = YES;
				CLANG_WARN_EMPTY_BODY = YES;
				CLANG_WARN_ENUM_CONVERSION = YES;
				CLANG_WARN_INFINITE_RECURSION = YES;
				CLANG_WARN_INT_CONVERSION = YES;
				CLANG_WARN_NON_LITERAL_NULL_CONVERSION = YES;
				CLANG_WARN_OBJC_IMPLICIT_RETAIN_SELF = YES;
				CLANG_WARN_OBJC_LITERAL_CONVERSION = YES;
				CLANG_WARN_OBJC_ROOT_CLASS = YES_ERROR;
				CLANG_WARN_QUOTED_INCLUDE_IN_FRAMEWORK_HEADER = YES;
				CLANG_WARN_RANGE_LOOP_ANALYSIS = YES;
				CLANG_WARN_STRICT_PROTOTYPES = YES;
				CLANG_WARN_SUSPICIOUS_MOVE = YES;
				CLANG_WARN_UNGUARDED_AVAILABILITY = YES_AGGRESSIVE;
				CLANG_WARN_UNREACHABLE_CODE = YES;
				CLANG_WARN__DUPLICATE_METHOD_MATCH = YES;
				COPY_PHASE_STRIP = NO;
				DEBUG_INFORMATION_FORMAT = dwarf;
				ENABLE_STRICT_OBJC_MSGSEND = YES;
				ENABLE_TESTABILITY = YES;
				GCC_C_LANGUAGE_STANDARD = gnu11;
				GCC_DYNAMIC_NO_PIC = NO;
				GCC_NO_COMMON_BLOCKS = YES;
				GCC_OPTIMIZATION_LEVEL = 0;
				GCC_PREPROCESSOR_DEFINITIONS = (
					"$(inherited)",
					"DEBUG=1",
				);
				GCC_WARN_64_TO_32_BIT_CONVERSION = YES;
				GCC_WARN_ABOUT_RETURN_TYPE = YES_ERROR;
				GCC_WARN_UNDECLARED_SELECTOR = YES;
				GCC_WARN_UNINITIALIZED_AUTOS = YES_AGGRESSIVE;
				GCC_WARN_UNUSED_FUNCTION = YES;
				GCC_WARN_UNUSED_VARIABLE = YES;
				MACOSX_DEPLOYMENT_TARGET = 14.0;
				MTL_ENABLE_DEBUG_INFO = INCLUDE_SOURCE;
				MTL_FAST_MATH = YES;
				ONLY_ACTIVE_ARCH = YES;
				PRODUCT_NAME = "$(TARGET_NAME)";
				SDKROOT = macosx;
				SWIFT_ACTIVE_COMPILATION_CONDITIONS = DEBUG;
				SWIFT_OPTIMIZATION_LEVEL = "-Onone";
				SWIFT_VERSION = 5.0;
			};
			name = Debug;
		};
/* End XCBuildConfiguration section */

/* Begin XCConfigurationList section */
		DA96820FD7F6D67366CF4398 /* Build configuration list for PBXProject "WhisperApp" */ = {
			isa = XCConfigurationList;
			buildConfigurations = (
				E8D0E98292DECC0889E92430 /* Debug */,
				6DF48D95322003CEB1F11379 /* Release */,
			);
			defaultConfigurationIsVisible = 0;
			defaultConfigurationName = Debug;
		};
		E6737C16C7780133C9C6EA7D /* Build configuration list for PBXNativeTarget "WhisperApp" */ = {
			isa = XCConfigurationList;
			buildConfigurations = (
				148C834AC65C87E6EA1638C3 /* Debug */,
				918A7F1FE1808D7F0AA6ADDE /* Release */,
			);
			defaultConfigurationIsVisible = 0;
			defaultConfigurationName = Debug;
		};
/* End XCConfigurationList section */

/* Begin XCRemoteSwiftPackageReference section */
		A8BCF44EBEACF46F4F8E038E /* XCRemoteSwiftPackageReference "WhisperKit" */ = {
			isa = XCRemoteSwiftPackageReference;
			repositoryURL = "https://github.com/argmaxinc/WhisperKit.git";
			requirement = {
				kind = upToNextMajorVersion;
				minimumVersion = 0.9.0;
			};
		};
/* End XCRemoteSwiftPackageReference section */

/* Begin XCSwiftPackageProductDependency section */
		A6293E200C2D7B232EC24376 /* WhisperKit */ = {
			isa = XCSwiftPackageProductDependency;
			package = A8BCF44EBEACF46F4F8E038E /* XCRemoteSwiftPackageReference "WhisperKit" */;
			productName = WhisperKit;
		};
/* End XCSwiftPackageProductDependency section */
	};
	rootObject = 957A9E05794E8C5179FAD9A9 /* Project object */;
}
